
Microsoft Visual Studio Solution File, Format Version 12.00
# Visual Studio Version 17
VisualStudioVersion = 17.13.35931.197 d17.13
MinimumVisualStudioVersion = 10.0.40219.1
Project("{FAE04EC0-301F-11D3-BF4B-00C04F79EFBC}") = "Quan_Ly_Thu_Vien_BTL_NET", "Quan_Ly_Thu_Vien_BTL_NET.csproj", "{D843D0BA-5F11-4A31-8150-721D752F1911}"
EndProject
Global
	GlobalSection(SolutionConfigurationPlatforms) = preSolution
		Debug|Any CPU = Debug|Any CPU
		Release|Any CPU = Release|Any CPU
	EndGlobalSection
	GlobalSection(ProjectConfigurationPlatforms) = postSolution
		{D843D0BA-5F11-4A31-8150-721D752F1911}.Debug|Any CPU.ActiveCfg = Debug|Any CPU
		{D843D0BA-5F11-4A31-8150-721D752F1911}.Debug|Any CPU.Build.0 = Debug|Any CPU
		{D843D0BA-5F11-4A31-8150-721D752F1911}.Release|Any CPU.ActiveCfg = Release|Any CPU
		{D843D0BA-5F11-4A31-8150-721D752F1911}.Release|Any CPU.Build.0 = Release|Any CPU
	EndGlobalSection
	GlobalSection(SolutionProperties) = preSolution
		HideSolutionNode = FALSE
	EndGlobalSection
	GlobalSection(ExtensibilityGlobals) = postSolution
		SolutionGuid = {7E8A8608-18AB-44D6-8D5E-B28F263C842B}
	EndGlobalSection
EndGlobal
